
Microsoft Visual Studio Solution File, Format Version 12.00
# Visual Studio Version 17
VisualStudioVersion = 17.11.35312.102
MinimumVisualStudioVersion = 10.0.40219.1
Project("{FAE04EC0-301F-11D3-BF4B-00C04F79EFBC}") = "lecture_2", "lecture_2\lecture_2.csproj", "{9035F61C-FC1A-443A-9760-DAE86A8C085C}"
EndProject
Global
	GlobalSection(SolutionConfigurationPlatforms) = preSolution
		Debug|Any CPU = Debug|Any CPU
		Release|Any CPU = Release|Any CPU
	EndGlobalSection
	GlobalSection(ProjectConfigurationPlatforms) = postSolution
		{9035F61C-FC1A-443A-9760-DAE86A8C085C}.Debug|Any CPU.ActiveCfg = Debug|Any CPU
		{9035F61C-FC1A-443A-9760-DAE86A8C085C}.Debug|Any CPU.Build.0 = Debug|Any CPU
		{9035F61C-FC1A-443A-9760-DAE86A8C085C}.Release|Any CPU.ActiveCfg = Release|Any CPU
		{9035F61C-FC1A-443A-9760-DAE86A8C085C}.Release|Any CPU.Build.0 = Release|Any CPU
	EndGlobalSection
	GlobalSection(SolutionProperties) = preSolution
		HideSolutionNode = FALSE
	EndGlobalSection
	GlobalSection(ExtensibilityGlobals) = postSolution
		SolutionGuid = {F5F67886-1A9B-48C8-8DEA-82038747B7CB}
	EndGlobalSection
EndGlobal
